
Microsoft Visual Studio Solution File, Format Version 12.00
# Visual Studio Version 16
VisualStudioVersion = 16.0.30907.101
MinimumVisualStudioVersion = 10.0.40219.1
Project("{FAE04EC0-301F-11D3-BF4B-00C04F79EFBC}") = "Amphisbaena", "Amphisbaena\Amphisbaena.csproj", "{7F5DC35B-FA5A-4E3A-B0A1-8900B6B7ACB4}"
EndProject
Global
	GlobalSection(SolutionConfigurationPlatforms) = preSolution
		Debug|Any CPU = Debug|Any CPU
		Release|Any CPU = Release|Any CPU
	EndGlobalSection
	GlobalSection(ProjectConfigurationPlatforms) = postSolution
		{7F5DC35B-FA5A-4E3A-B0A1-8900B6B7ACB4}.Debug|Any CPU.ActiveCfg = Debug|Any CPU
		{7F5DC35B-FA5A-4E3A-B0A1-8900B6B7ACB4}.Debug|Any CPU.Build.0 = Debug|Any CPU
		{7F5DC35B-FA5A-4E3A-B0A1-8900B6B7ACB4}.Release|Any CPU.ActiveCfg = Release|Any CPU
		{7F5DC35B-FA5A-4E3A-B0A1-8900B6B7ACB4}.Release|Any CPU.Build.0 = Release|Any CPU
	EndGlobalSection
	GlobalSection(SolutionProperties) = preSolution
		HideSolutionNode = FALSE
	EndGlobalSection
	GlobalSection(ExtensibilityGlobals) = postSolution
		SolutionGuid = {E1B2F534-EFD5-4404-92CC-1029687C7728}
	EndGlobalSection
EndGlobal
